// !$*UTF8*$!
{
	archiveVersion = 1;
	classes = {
	};
	objectVersion = 46;
	objects = {

/* Begin PBXBuildFile section */
		6C0842291FA0161A00463947 /* Track.cpp in Sources */ = {isa = PBXBuildFile; fileRef = 6C0842271FA0161A00463947 /* Track.cpp */; };
		6C08422D1FA0181400463947 /* Tracks.cpp in Sources */ = {isa = PBXBuildFile; fileRef = 6C08422B1FA0181400463947 /* Tracks.cpp */; };
		6C0842311FA01B2800463947 /* Recording.cpp in Sources */ = {isa = PBXBuildFile; fileRef = 6C08422F1FA01B2800463947 /* Recording.cpp */; };
		6C0842351FA02B8800463947 /* Recordings.cpp in Sources */ = {isa = PBXBuildFile; fileRef = 6C0842331FA02B8700463947 /* Recordings.cpp */; };
		6C7763E21F9703F1001C42C1 /* main.cpp in Sources */ = {isa = PBXBuildFile; fileRef = 6C7763E11F9703F1001C42C1 /* main.cpp */; };
		6C7763EA1F970419001C42C1 /* Song.cpp in Sources */ = {isa = PBXBuildFile; fileRef = 6C7763E81F970419001C42C1 /* Song.cpp */; };
		6C7763ED1F9987F0001C42C1 /* Songs.cpp in Sources */ = {isa = PBXBuildFile; fileRef = 6C7763EB1F9987F0001C42C1 /* Songs.cpp */; };
		6C7B8FC41F9B85B900BDDF2D /* genericClass.cpp in Sources */ = {isa = PBXBuildFile; fileRef = 6C7B8FC21F9B85B900BDDF2D /* genericClass.cpp */; };
		6CBBFBCC1FA40A7500CC8F06 /* User.cpp in Sources */ = {isa = PBXBuildFile; fileRef = 6CBBFBCA1FA40A7500CC8F06 /* User.cpp */; };
		6CBBFBD01FA40B0800CC8F06 /* Users.cpp in Sources */ = {isa = PBXBuildFile; fileRef = 6CBBFBCE1FA40B0800CC8F06 /* Users.cpp */; };
		6CBBFBD51FA415DE00CC8F06 /* Playlist.cpp in Sources */ = {isa = PBXBuildFile; fileRef = 6CBBFBD31FA415DD00CC8F06 /* Playlist.cpp */; };
		6CBBFBD91FA4161900CC8F06 /* Playlists.cpp in Sources */ = {isa = PBXBuildFile; fileRef = 6CBBFBD71FA4161900CC8F06 /* Playlists.cpp */; };
/* End PBXBuildFile section */

/* Begin PBXCopyFilesBuildPhase section */
		6C7763DC1F9703F1001C42C1 /* CopyFiles */ = {
			isa = PBXCopyFilesBuildPhase;
			buildActionMask = 2147483647;
			dstPath = /usr/share/man/man1/;
			dstSubfolderSpec = 0;
			files = (
			);
			runOnlyForDeploymentPostprocessing = 1;
		};
/* End PBXCopyFilesBuildPhase section */

/* Begin PBXFileReference section */
		6C0842271FA0161A00463947 /* Track.cpp */ = {isa = PBXFileReference; fileEncoding = 4; lastKnownFileType = sourcecode.cpp.cpp; path = Track.cpp; sourceTree = "<group>"; };
		6C0842281FA0161A00463947 /* Track.hpp */ = {isa = PBXFileReference; fileEncoding = 4; lastKnownFileType = sourcecode.cpp.h; path = Track.hpp; sourceTree = "<group>"; };
		6C08422B1FA0181400463947 /* Tracks.cpp */ = {isa = PBXFileReference; fileEncoding = 4; lastKnownFileType = sourcecode.cpp.cpp; path = Tracks.cpp; sourceTree = "<group>"; };
		6C08422C1FA0181400463947 /* Tracks.hpp */ = {isa = PBXFileReference; fileEncoding = 4; lastKnownFileType = sourcecode.cpp.h; path = Tracks.hpp; sourceTree = "<group>"; };
		6C08422F1FA01B2800463947 /* Recording.cpp */ = {isa = PBXFileReference; fileEncoding = 4; lastKnownFileType = sourcecode.cpp.cpp; path = Recording.cpp; sourceTree = "<group>"; };
		6C0842301FA01B2800463947 /* Recording.hpp */ = {isa = PBXFileReference; fileEncoding = 4; lastKnownFileType = sourcecode.cpp.h; path = Recording.hpp; sourceTree = "<group>"; };
		6C0842331FA02B8700463947 /* Recordings.cpp */ = {isa = PBXFileReference; fileEncoding = 4; lastKnownFileType = sourcecode.cpp.cpp; path = Recordings.cpp; sourceTree = "<group>"; };
		6C0842341FA02B8800463947 /* Recordings.hpp */ = {isa = PBXFileReference; fileEncoding = 4; lastKnownFileType = sourcecode.cpp.h; path = Recordings.hpp; sourceTree = "<group>"; };
		6C7763DE1F9703F1001C42C1 /* Assignment2 */ = {isa = PBXFileReference; explicitFileType = "compiled.mach-o.executable"; includeInIndex = 0; path = Assignment2; sourceTree = BUILT_PRODUCTS_DIR; };
		6C7763E11F9703F1001C42C1 /* main.cpp */ = {isa = PBXFileReference; lastKnownFileType = sourcecode.cpp.cpp; path = main.cpp; sourceTree = "<group>"; };
		6C7763E81F970419001C42C1 /* Song.cpp */ = {isa = PBXFileReference; fileEncoding = 4; lastKnownFileType = sourcecode.cpp.cpp; path = Song.cpp; sourceTree = "<group>"; };
		6C7763E91F970419001C42C1 /* Song.hpp */ = {isa = PBXFileReference; fileEncoding = 4; lastKnownFileType = sourcecode.cpp.h; path = Song.hpp; sourceTree = "<group>"; };
		6C7763EB1F9987F0001C42C1 /* Songs.cpp */ = {isa = PBXFileReference; fileEncoding = 4; lastKnownFileType = sourcecode.cpp.cpp; path = Songs.cpp; sourceTree = "<group>"; };
		6C7763EC1F9987F0001C42C1 /* Songs.hpp */ = {isa = PBXFileReference; fileEncoding = 4; lastKnownFileType = sourcecode.cpp.h; path = Songs.hpp; sourceTree = "<group>"; };
		6C7B8FC21F9B85B900BDDF2D /* genericClass.cpp */ = {isa = PBXFileReference; fileEncoding = 4; lastKnownFileType = sourcecode.cpp.cpp; path = genericClass.cpp; sourceTree = "<group>"; };
		6C7B8FC31F9B85B900BDDF2D /* genericClass.hpp */ = {isa = PBXFileReference; fileEncoding = 4; lastKnownFileType = sourcecode.cpp.h; path = genericClass.hpp; sourceTree = "<group>"; };
		6CBBFBCA1FA40A7500CC8F06 /* User.cpp */ = {isa = PBXFileReference; fileEncoding = 4; lastKnownFileType = sourcecode.cpp.cpp; path = User.cpp; sourceTree = "<group>"; };
		6CBBFBCB1FA40A7500CC8F06 /* User.hpp */ = {isa = PBXFileReference; fileEncoding = 4; lastKnownFileType = sourcecode.cpp.h; path = User.hpp; sourceTree = "<group>"; };
		6CBBFBCE1FA40B0800CC8F06 /* Users.cpp */ = {isa = PBXFileReference; fileEncoding = 4; lastKnownFileType = sourcecode.cpp.cpp; path = Users.cpp; sourceTree = "<group>"; };
		6CBBFBCF1FA40B0800CC8F06 /* Users.hpp */ = {isa = PBXFileReference; fileEncoding = 4; lastKnownFileType = sourcecode.cpp.h; path = Users.hpp; sourceTree = "<group>"; };
		6CBBFBD31FA415DD00CC8F06 /* Playlist.cpp */ = {isa = PBXFileReference; fileEncoding = 4; lastKnownFileType = sourcecode.cpp.cpp; path = Playlist.cpp; sourceTree = "<group>"; };
		6CBBFBD41FA415DE00CC8F06 /* Playlist.hpp */ = {isa = PBXFileReference; fileEncoding = 4; lastKnownFileType = sourcecode.cpp.h; path = Playlist.hpp; sourceTree = "<group>"; };
		6CBBFBD71FA4161900CC8F06 /* Playlists.cpp */ = {isa = PBXFileReference; fileEncoding = 4; lastKnownFileType = sourcecode.cpp.cpp; path = Playlists.cpp; sourceTree = "<group>"; };
		6CBBFBD81FA4161900CC8F06 /* Playlists.hpp */ = {isa = PBXFileReference; fileEncoding = 4; lastKnownFileType = sourcecode.cpp.h; path = Playlists.hpp; sourceTree = "<group>"; };
/* End PBXFileReference section */

/* Begin PBXFrameworksBuildPhase section */
		6C7763DB1F9703F1001C42C1 /* Frameworks */ = {
			isa = PBXFrameworksBuildPhase;
			buildActionMask = 2147483647;
			files = (
			);
			runOnlyForDeploymentPostprocessing = 0;
		};
/* End PBXFrameworksBuildPhase section */

/* Begin PBXGroup section */
		6C08422A1FA0163000463947 /* Track */ = {
			isa = PBXGroup;
			children = (
				6C0842271FA0161A00463947 /* Track.cpp */,
				6C0842281FA0161A00463947 /* Track.hpp */,
			);
			name = Track;
			sourceTree = "<group>";
		};
		6C08422E1FA0181C00463947 /* Tracks */ = {
			isa = PBXGroup;
			children = (
				6C08422B1FA0181400463947 /* Tracks.cpp */,
				6C08422C1FA0181400463947 /* Tracks.hpp */,
			);
			name = Tracks;
			sourceTree = "<group>";
		};
		6C0842321FA01B3000463947 /* Recording */ = {
			isa = PBXGroup;
			children = (
				6C08422F1FA01B2800463947 /* Recording.cpp */,
				6C0842301FA01B2800463947 /* Recording.hpp */,
			);
			name = Recording;
			sourceTree = "<group>";
		};
		6C0842361FA02B9A00463947 /* Recordings */ = {
			isa = PBXGroup;
			children = (
				6C0842331FA02B8700463947 /* Recordings.cpp */,
				6C0842341FA02B8800463947 /* Recordings.hpp */,
			);
			name = Recordings;
			sourceTree = "<group>";
		};
		6C7763D51F9703F1001C42C1 = {
			isa = PBXGroup;
			children = (
				6C7763E01F9703F1001C42C1 /* Assignment2 */,
				6C7763DF1F9703F1001C42C1 /* Products */,
			);
			sourceTree = "<group>";
		};
		6C7763DF1F9703F1001C42C1 /* Products */ = {
			isa = PBXGroup;
			children = (
				6C7763DE1F9703F1001C42C1 /* Assignment2 */,
			);
			name = Products;
			sourceTree = "<group>";
		};
		6C7763E01F9703F1001C42C1 /* Assignment2 */ = {
			isa = PBXGroup;
			children = (
				6C7763E11F9703F1001C42C1 /* main.cpp */,
				6CBBFBDA1FA4162700CC8F06 /* Playlists */,
				6CBBFBD61FA415F700CC8F06 /* Playlist */,
				6CBBFBD21FA40B2100CC8F06 /* Users */,
				6CBBFBCD1FA40A9600CC8F06 /* User */,
				6C0842361FA02B9A00463947 /* Recordings */,
				6C0842321FA01B3000463947 /* Recording */,
				6C08422E1FA0181C00463947 /* Tracks */,
				6C08422A1FA0163000463947 /* Track */,
				6C7B8FC51F9B860200BDDF2D /* Generic Class */,
				6C7763F11F999354001C42C1 /* Songs */,
				6C7763F01F99934C001C42C1 /* Song */,
			);
			path = Assignment2;
			sourceTree = "<group>";
		};
		6C7763F01F99934C001C42C1 /* Song */ = {
			isa = PBXGroup;
			children = (
				6C7763E81F970419001C42C1 /* Song.cpp */,
				6C7763E91F970419001C42C1 /* Song.hpp */,
			);
			name = Song;
			sourceTree = "<group>";
		};
		6C7763F11F999354001C42C1 /* Songs */ = {
			isa = PBXGroup;
			children = (
				6C7763EB1F9987F0001C42C1 /* Songs.cpp */,
				6C7763EC1F9987F0001C42C1 /* Songs.hpp */,
			);
			name = Songs;
			sourceTree = "<group>";
		};
		6C7B8FC51F9B860200BDDF2D /* Generic Class */ = {
			isa = PBXGroup;
			children = (
				6C7B8FC21F9B85B900BDDF2D /* genericClass.cpp */,
				6C7B8FC31F9B85B900BDDF2D /* genericClass.hpp */,
			);
			name = "Generic Class";
			sourceTree = "<group>";
		};
		6CBBFBCD1FA40A9600CC8F06 /* User */ = {
			isa = PBXGroup;
			children = (
				6CBBFBCA1FA40A7500CC8F06 /* User.cpp */,
				6CBBFBCB1FA40A7500CC8F06 /* User.hpp */,
			);
			name = User;
			sourceTree = "<group>";
		};
		6CBBFBD21FA40B2100CC8F06 /* Users */ = {
			isa = PBXGroup;
			children = (
				6CBBFBCE1FA40B0800CC8F06 /* Users.cpp */,
				6CBBFBCF1FA40B0800CC8F06 /* Users.hpp */,
			);
			name = Users;
			sourceTree = "<group>";
		};
		6CBBFBD61FA415F700CC8F06 /* Playlist */ = {
			isa = PBXGroup;
			children = (
				6CBBFBD31FA415DD00CC8F06 /* Playlist.cpp */,
				6CBBFBD41FA415DE00CC8F06 /* Playlist.hpp */,
			);
			name = Playlist;
			sourceTree = "<group>";
		};
		6CBBFBDA1FA4162700CC8F06 /* Playlists */ = {
			isa = PBXGroup;
			children = (
				6CBBFBD71FA4161900CC8F06 /* Playlists.cpp */,
				6CBBFBD81FA4161900CC8F06 /* Playlists.hpp */,
			);
			name = Playlists;
			sourceTree = "<group>";
		};
/* End PBXGroup section */

/* Begin PBXNativeTarget section */
		6C7763DD1F9703F1001C42C1 /* Assignment2 */ = {
			isa = PBXNativeTarget;
			buildConfigurationList = 6C7763E51F9703F1001C42C1 /* Build configuration list for PBXNativeTarget "Assignment2" */;
			buildPhases = (
				6C7763DA1F9703F1001C42C1 /* Sources */,
				6C7763DB1F9703F1001C42C1 /* Frameworks */,
				6C7763DC1F9703F1001C42C1 /* CopyFiles */,
			);
			buildRules = (
			);
			dependencies = (
			);
			name = Assignment2;
			productName = Assignment2;
			productReference = 6C7763DE1F9703F1001C42C1 /* Assignment2 */;
			productType = "com.apple.product-type.tool";
		};
/* End PBXNativeTarget section */

/* Begin PBXProject section */
		6C7763D61F9703F1001C42C1 /* Project object */ = {
			isa = PBXProject;
			attributes = {
				LastUpgradeCheck = 0830;
				ORGANIZATIONNAME = "Huzaifa Asif";
				TargetAttributes = {
					6C7763DD1F9703F1001C42C1 = {
						CreatedOnToolsVersion = 8.3.3;
						ProvisioningStyle = Automatic;
					};
				};
			};
			buildConfigurationList = 6C7763D91F9703F1001C42C1 /* Build configuration list for PBXProject "Assignment2" */;
			compatibilityVersion = "Xcode 3.2";
			developmentRegion = English;
			hasScannedForEncodings = 0;
			knownRegions = (
				en,
			);
			mainGroup = 6C7763D51F9703F1001C42C1;
			productRefGroup = 6C7763DF1F9703F1001C42C1 /* Products */;
			projectDirPath = "";
			projectRoot = "";
			targets = (
				6C7763DD1F9703F1001C42C1 /* Assignment2 */,
			);
		};
/* End PBXProject section */

/* Begin PBXSourcesBuildPhase section */
		6C7763DA1F9703F1001C42C1 /* Sources */ = {
			isa = PBXSourcesBuildPhase;
			buildActionMask = 2147483647;
			files = (
				6CBBFBCC1FA40A7500CC8F06 /* User.cpp in Sources */,
				6CBBFBD51FA415DE00CC8F06 /* Playlist.cpp in Sources */,
				6C7B8FC41F9B85B900BDDF2D /* genericClass.cpp in Sources */,
				6C7763EA1F970419001C42C1 /* Song.cpp in Sources */,
				6C0842291FA0161A00463947 /* Track.cpp in Sources */,
				6C7763E21F9703F1001C42C1 /* main.cpp in Sources */,
				6C0842311FA01B2800463947 /* Recording.cpp in Sources */,
				6CBBFBD91FA4161900CC8F06 /* Playlists.cpp in Sources */,
				6C7763ED1F9987F0001C42C1 /* Songs.cpp in Sources */,
				6C08422D1FA0181400463947 /* Tracks.cpp in Sources */,
				6CBBFBD01FA40B0800CC8F06 /* Users.cpp in Sources */,
				6C0842351FA02B8800463947 /* Recordings.cpp in Sources */,
			);
			runOnlyForDeploymentPostprocessing = 0;
		};
/* End PBXSourcesBuildPhase section */

/* Begin XCBuildConfiguration section */
		6C7763E31F9703F1001C42C1 /* Debug */ = {
			isa = XCBuildConfiguration;
			buildSettings = {
				ALWAYS_SEARCH_USER_PATHS = NO;
				CLANG_ANALYZER_NONNULL = YES;
				CLANG_ANALYZER_NUMBER_OBJECT_CONVERSION = YES_AGGRESSIVE;
				CLANG_CXX_LANGUAGE_STANDARD = "gnu++0x";
				CLANG_CXX_LIBRARY = "libc++";
				CLANG_ENABLE_MODULES = YES;
				CLANG_ENABLE_OBJC_ARC = YES;
				CLANG_WARN_BOOL_CONVERSION = YES;
				CLANG_WARN_CONSTANT_CONVERSION = YES;
				CLANG_WARN_DIRECT_OBJC_ISA_USAGE = YES_ERROR;
				CLANG_WARN_DOCUMENTATION_COMMENTS = YES;
				CLANG_WARN_EMPTY_BODY = YES;
				CLANG_WARN_ENUM_CONVERSION = YES;
				CLANG_WARN_INFINITE_RECURSION = YES;
				CLANG_WARN_INT_CONVERSION = YES;
				CLANG_WARN_OBJC_ROOT_CLASS = YES_ERROR;
				CLANG_WARN_SUSPICIOUS_MOVE = YES;
				CLANG_WARN_UNREACHABLE_CODE = YES;
				CLANG_WARN__DUPLICATE_METHOD_MATCH = YES;
				CODE_SIGN_IDENTITY = "-";
				COPY_PHASE_STRIP = NO;
				DEBUG_INFORMATION_FORMAT = dwarf;
				ENABLE_STRICT_OBJC_MSGSEND = YES;
				ENABLE_TESTABILITY = YES;
				GCC_C_LANGUAGE_STANDARD = gnu99;
				GCC_DYNAMIC_NO_PIC = NO;
				GCC_NO_COMMON_BLOCKS = YES;
				GCC_OPTIMIZATION_LEVEL = 0;
				GCC_PREPROCESSOR_DEFINITIONS = (
					"DEBUG=1",
					"$(inherited)",
				);
				GCC_WARN_64_TO_32_BIT_CONVERSION = YES;
				GCC_WARN_ABOUT_RETURN_TYPE = YES_ERROR;
				GCC_WARN_UNDECLARED_SELECTOR = YES;
				GCC_WARN_UNINITIALIZED_AUTOS = YES_AGGRESSIVE;
				GCC_WARN_UNUSED_FUNCTION = YES;
				GCC_WARN_UNUSED_VARIABLE = YES;
				MACOSX_DEPLOYMENT_TARGET = 10.12;
				MTL_ENABLE_DEBUG_INFO = YES;
				ONLY_ACTIVE_ARCH = YES;
				SDKROOT = macosx;
			};
			name = Debug;
		};
		6C7763E41F9703F1001C42C1 /* Release */ = {
			isa = XCBuildConfiguration;
			buildSettings = {
				ALWAYS_SEARCH_USER_PATHS = NO;
				CLANG_ANALYZER_NONNULL = YES;
				CLANG_ANALYZER_NUMBER_OBJECT_CONVERSION = YES_AGGRESSIVE;
				CLANG_CXX_LANGUAGE_STANDARD = "gnu++0x";
				CLANG_CXX_LIBRARY = "libc++";
				CLANG_ENABLE_MODULES = YES;
				CLANG_ENABLE_OBJC_ARC = YES;
				CLANG_WARN_BOOL_CONVERSION = YES;
				CLANG_WARN_CONSTANT_CONVERSION = YES;
				CLANG_WARN_DIRECT_OBJC_ISA_USAGE = YES_ERROR;
				CLANG_WARN_DOCUMENTATION_COMMENTS = YES;
				CLANG_WARN_EMPTY_BODY = YES;
				CLANG_WARN_ENUM_CONVERSION = YES;
				CLANG_WARN_INFINITE_RECURSION = YES;
				CLANG_WARN_INT_CONVERSION = YES;
				CLANG_WARN_OBJC_ROOT_CLASS = YES_ERROR;
				CLANG_WARN_SUSPICIOUS_MOVE = YES;
				CLANG_WARN_UNREACHABLE_CODE = YES;
				CLANG_WARN__DUPLICATE_METHOD_MATCH = YES;
				CODE_SIGN_IDENTITY = "-";
				COPY_PHASE_STRIP = NO;
				DEBUG_INFORMATION_FORMAT = "dwarf-with-dsym";
				ENABLE_NS_ASSERTIONS = NO;
				ENABLE_STRICT_OBJC_MSGSEND = YES;
				GCC_C_LANGUAGE_STANDARD = gnu99;
				GCC_NO_COMMON_BLOCKS = YES;
				GCC_WARN_64_TO_32_BIT_CONVERSION = YES;
				GCC_WARN_ABOUT_RETURN_TYPE = YES_ERROR;
				GCC_WARN_UNDECLARED_SELECTOR = YES;
				GCC_WARN_UNINITIALIZED_AUTOS = YES_AGGRESSIVE;
				GCC_WARN_UNUSED_FUNCTION = YES;
				GCC_WARN_UNUSED_VARIABLE = YES;
				MACOSX_DEPLOYMENT_TARGET = 10.12;
				MTL_ENABLE_DEBUG_INFO = NO;
				SDKROOT = macosx;
			};
			name = Release;
		};
		6C7763E61F9703F1001C42C1 /* Debug */ = {
			isa = XCBuildConfiguration;
			buildSettings = {
				PRODUCT_NAME = "$(TARGET_NAME)";
			};
			name = Debug;
		};
		6C7763E71F9703F1001C42C1 /* Release */ = {
			isa = XCBuildConfiguration;
			buildSettings = {
				PRODUCT_NAME = "$(TARGET_NAME)";
			};
			name = Release;
		};
/* End XCBuildConfiguration section */

/* Begin XCConfigurationList section */
		6C7763D91F9703F1001C42C1 /* Build configuration list for PBXProject "Assignment2" */ = {
			isa = XCConfigurationList;
			buildConfigurations = (
				6C7763E31F9703F1001C42C1 /* Debug */,
				6C7763E41F9703F1001C42C1 /* Release */,
			);
			defaultConfigurationIsVisible = 0;
			defaultConfigurationName = Release;
		};
		6C7763E51F9703F1001C42C1 /* Build configuration list for PBXNativeTarget "Assignment2" */ = {
			isa = XCConfigurationList;
			buildConfigurations = (
				6C7763E61F9703F1001C42C1 /* Debug */,
				6C7763E71F9703F1001C42C1 /* Release */,
			);
			defaultConfigurationIsVisible = 0;
			defaultConfigurationName = Release;
		};
/* End XCConfigurationList section */
	};
	rootObject = 6C7763D61F9703F1001C42C1 /* Project object */;
}
